// !$*UTF8*$!
{
	archiveVersion = 1;
	classes = {
	};
	objectVersion = 50;
	objects = {

/* Begin PBXBuildFile section */
		673C6B46259377EF00B37178 /* UI_83App.swift in Sources */ = {isa = PBXBuildFile; fileRef = 673C6B45259377EF00B37178 /* UI_83App.swift */; };
		673C6B48259377EF00B37178 /* ContentView.swift in Sources */ = {isa = PBXBuildFile; fileRef = 673C6B47259377EF00B37178 /* ContentView.swift */; };
		673C6B4A259377F100B37178 /* Assets.xcassets in Resources */ = {isa = PBXBuildFile; fileRef = 673C6B49259377F100B37178 /* Assets.xcassets */; };
		673C6B4D259377F100B37178 /* Preview Assets.xcassets in Resources */ = {isa = PBXBuildFile; fileRef = 673C6B4C259377F100B37178 /* Preview Assets.xcassets */; };
		673C6B58259377F100B37178 /* UI_83Tests.swift in Sources */ = {isa = PBXBuildFile; fileRef = 673C6B57259377F100B37178 /* UI_83Tests.swift */; };
		673C6B63259377F100B37178 /* UI_83UITests.swift in Sources */ = {isa = PBXBuildFile; fileRef = 673C6B62259377F100B37178 /* UI_83UITests.swift */; };
/* End PBXBuildFile section */

/* Begin PBXContainerItemProxy section */
		673C6B54259377F100B37178 /* PBXContainerItemProxy */ = {
			isa = PBXContainerItemProxy;
			containerPortal = 673C6B3A259377EF00B37178 /* Project object */;
			proxyType = 1;
			remoteGlobalIDString = 673C6B41259377EF00B37178;
			remoteInfo = "UI-83";
		};
		673C6B5F259377F100B37178 /* PBXContainerItemProxy */ = {
			isa = PBXContainerItemProxy;
			containerPortal = 673C6B3A259377EF00B37178 /* Project object */;
			proxyType = 1;
			remoteGlobalIDString = 673C6B41259377EF00B37178;
			remoteInfo = "UI-83";
		};
/* End PBXContainerItemProxy section */

/* Begin PBXFileReference section */
		673C6B42259377EF00B37178 /* UI-83.app */ = {isa = PBXFileReference; explicitFileType = wrapper.application; includeInIndex = 0; path = "UI-83.app"; sourceTree = BUILT_PRODUCTS_DIR; };
		673C6B45259377EF00B37178 /* UI_83App.swift */ = {isa = PBXFileReference; lastKnownFileType = sourcecode.swift; path = UI_83App.swift; sourceTree = "<group>"; };
		673C6B47259377EF00B37178 /* ContentView.swift */ = {isa = PBXFileReference; lastKnownFileType = sourcecode.swift; path = ContentView.swift; sourceTree = "<group>"; };
		673C6B49259377F100B37178 /* Assets.xcassets */ = {isa = PBXFileReference; lastKnownFileType = folder.assetcatalog; path = Assets.xcassets; sourceTree = "<group>"; };
		673C6B4C259377F100B37178 /* Preview Assets.xcassets */ = {isa = PBXFileReference; lastKnownFileType = folder.assetcatalog; path = "Preview Assets.xcassets"; sourceTree = "<group>"; };
		673C6B4E259377F100B37178 /* Info.plist */ = {isa = PBXFileReference; lastKnownFileType = text.plist.xml; path = Info.plist; sourceTree = "<group>"; };
		673C6B53259377F100B37178 /* UI-83Tests.xctest */ = {isa = PBXFileReference; explicitFileType = wrapper.cfbundle; includeInIndex = 0; path = "UI-83Tests.xctest"; sourceTree = BUILT_PRODUCTS_DIR; };
		673C6B57259377F100B37178 /* UI_83Tests.swift */ = {isa = PBXFileReference; lastKnownFileType = sourcecode.swift; path = UI_83Tests.swift; sourceTree = "<group>"; };
		673C6B59259377F100B37178 /* Info.plist */ = {isa = PBXFileReference; lastKnownFileType = text.plist.xml; path = Info.plist; sourceTree = "<group>"; };
		673C6B5E259377F100B37178 /* UI-83UITests.xctest */ = {isa = PBXFileReference; explicitFileType = wrapper.cfbundle; includeInIndex = 0; path = "UI-83UITests.xctest"; sourceTree = BUILT_PRODUCTS_DIR; };
		673C6B62259377F100B37178 /* UI_83UITests.swift */ = {isa = PBXFileReference; lastKnownFileType = sourcecode.swift; path = UI_83UITests.swift; sourceTree = "<group>"; };
		673C6B64259377F100B37178 /* Info.plist */ = {isa = PBXFileReference; lastKnownFileType = text.plist.xml; path = Info.plist; sourceTree = "<group>"; };
/* End PBXFileReference section */

/* Begin PBXFrameworksBuildPhase section */
		673C6B3F259377EF00B37178 /* Frameworks */ = {
			isa = PBXFrameworksBuildPhase;
			buildActionMask = 2147483647;
			files = (
			);
			runOnlyForDeploymentPostprocessing = 0;
		};
		673C6B50259377F100B37178 /* Frameworks */ = {
			isa = PBXFrameworksBuildPhase;
			buildActionMask = 2147483647;
			files = (
			);
			runOnlyForDeploymentPostprocessing = 0;
		};
		673C6B5B259377F100B37178 /* Frameworks */ = {
			isa = PBXFrameworksBuildPhase;
			buildActionMask = 2147483647;
			files = (
			);
			runOnlyForDeploymentPostprocessing = 0;
		};
/* End PBXFrameworksBuildPhase section */

/* Begin PBXGroup section */
		673C6B39259377EF00B37178 = {
			isa = PBXGroup;
			children = (
				673C6B44259377EF00B37178 /* UI-83 */,
				673C6B56259377F100B37178 /* UI-83Tests */,
				673C6B61259377F100B37178 /* UI-83UITests */,
				673C6B43259377EF00B37178 /* Products */,
			);
			sourceTree = "<group>";
		};
		673C6B43259377EF00B37178 /* Products */ = {
			isa = PBXGroup;
			children = (
				673C6B42259377EF00B37178 /* UI-83.app */,
				673C6B53259377F100B37178 /* UI-83Tests.xctest */,
				673C6B5E259377F100B37178 /* UI-83UITests.xctest */,
			);
			name = Products;
			sourceTree = "<group>";
		};
		673C6B44259377EF00B37178 /* UI-83 */ = {
			isa = PBXGroup;
			children = (
				673C6B45259377EF00B37178 /* UI_83App.swift */,
				673C6B47259377EF00B37178 /* ContentView.swift */,
				673C6B49259377F100B37178 /* Assets.xcassets */,
				673C6B4E259377F100B37178 /* Info.plist */,
				673C6B4B259377F100B37178 /* Preview Content */,
			);
			path = "UI-83";
			sourceTree = "<group>";
		};
		673C6B4B259377F100B37178 /* Preview Content */ = {
			isa = PBXGroup;
			children = (
				673C6B4C259377F100B37178 /* Preview Assets.xcassets */,
			);
			path = "Preview Content";
			sourceTree = "<group>";
		};
		673C6B56259377F100B37178 /* UI-83Tests */ = {
			isa = PBXGroup;
			children = (
				673C6B57259377F100B37178 /* UI_83Tests.swift */,
				673C6B59259377F100B37178 /* Info.plist */,
			);
			path = "UI-83Tests";
			sourceTree = "<group>";
		};
		673C6B61259377F100B37178 /* UI-83UITests */ = {
			isa = PBXGroup;
			children = (
				673C6B62259377F100B37178 /* UI_83UITests.swift */,
				673C6B64259377F100B37178 /* Info.plist */,
			);
			path = "UI-83UITests";
			sourceTree = "<group>";
		};
/* End PBXGroup section */

/* Begin PBXNativeTarget section */
		673C6B41259377EF00B37178 /* UI-83 */ = {
			isa = PBXNativeTarget;
			buildConfigurationList = 673C6B67259377F100B37178 /* Build configuration list for PBXNativeTarget "UI-83" */;
			buildPhases = (
				673C6B3E259377EF00B37178 /* Sources */,
				673C6B3F259377EF00B37178 /* Frameworks */,
				673C6B40259377EF00B37178 /* Resources */,
			);
			buildRules = (
			);
			dependencies = (
			);
			name = "UI-83";
			productName = "UI-83";
			productReference = 673C6B42259377EF00B37178 /* UI-83.app */;
			productType = "com.apple.product-type.application";
		};
		673C6B52259377F100B37178 /* UI-83Tests */ = {
			isa = PBXNativeTarget;
			buildConfigurationList = 673C6B6A259377F100B37178 /* Build configuration list for PBXNativeTarget "UI-83Tests" */;
			buildPhases = (
				673C6B4F259377F100B37178 /* Sources */,
				673C6B50259377F100B37178 /* Frameworks */,
				673C6B51259377F100B37178 /* Resources */,
			);
			buildRules = (
			);
			dependencies = (
				673C6B55259377F100B37178 /* PBXTargetDependency */,
			);
			name = "UI-83Tests";
			productName = "UI-83Tests";
			productReference = 673C6B53259377F100B37178 /* UI-83Tests.xctest */;
			productType = "com.apple.product-type.bundle.unit-test";
		};
		673C6B5D259377F100B37178 /* UI-83UITests */ = {
			isa = PBXNativeTarget;
			buildConfigurationList = 673C6B6D259377F100B37178 /* Build configuration list for PBXNativeTarget "UI-83UITests" */;
			buildPhases = (
				673C6B5A259377F100B37178 /* Sources */,
				673C6B5B259377F100B37178 /* Frameworks */,
				673C6B5C259377F100B37178 /* Resources */,
			);
			buildRules = (
			);
			dependencies = (
				673C6B60259377F100B37178 /* PBXTargetDependency */,
			);
			name = "UI-83UITests";
			productName = "UI-83UITests";
			productReference = 673C6B5E259377F100B37178 /* UI-83UITests.xctest */;
			productType = "com.apple.product-type.bundle.ui-testing";
		};
/* End PBXNativeTarget section */

/* Begin PBXProject section */
		673C6B3A259377EF00B37178 /* Project object */ = {
			isa = PBXProject;
			attributes = {
				LastSwiftUpdateCheck = 1230;
				LastUpgradeCheck = 1230;
				TargetAttributes = {
					673C6B41259377EF00B37178 = {
						CreatedOnToolsVersion = 12.3;
					};
					673C6B52259377F100B37178 = {
						CreatedOnToolsVersion = 12.3;
						TestTargetID = 673C6B41259377EF00B37178;
					};
					673C6B5D259377F100B37178 = {
						CreatedOnToolsVersion = 12.3;
						TestTargetID = 673C6B41259377EF00B37178;
					};
				};
			};
			buildConfigurationList = 673C6B3D259377EF00B37178 /* Build configuration list for PBXProject "UI-83" */;
			compatibilityVersion = "Xcode 9.3";
			developmentRegion = en;
			hasScannedForEncodings = 0;
			knownRegions = (
				en,
				Base,
			);
			mainGroup = 673C6B39259377EF00B37178;
			productRefGroup = 673C6B43259377EF00B37178 /* Products */;
			projectDirPath = "";
			projectRoot = "";
			targets = (
				673C6B41259377EF00B37178 /* UI-83 */,
				673C6B52259377F100B37178 /* UI-83Tests */,
				673C6B5D259377F100B37178 /* UI-83UITests */,
			);
		};
/* End PBXProject section */

/* Begin PBXResourcesBuildPhase section */
		673C6B40259377EF00B37178 /* Resources */ = {
			isa = PBXResourcesBuildPhase;
			buildActionMask = 2147483647;
			files = (
				673C6B4D259377F100B37178 /* Preview Assets.xcassets in Resources */,
				673C6B4A259377F100B37178 /* Assets.xcassets in Resources */,
			);
			runOnlyForDeploymentPostprocessing = 0;
		};
		673C6B51259377F100B37178 /* Resources */ = {
			isa = PBXResourcesBuildPhase;
			buildActionMask = 2147483647;
			files = (
			);
			runOnlyForDeploymentPostprocessing = 0;
		};
		673C6B5C259377F100B37178 /* Resources */ = {
			isa = PBXResourcesBuildPhase;
			buildActionMask = 2147483647;
			files = (
			);
			runOnlyForDeploymentPostprocessing = 0;
		};
/* End PBXResourcesBuildPhase section */

/* Begin PBXSourcesBuildPhase section */
		673C6B3E259377EF00B37178 /* Sources */ = {
			isa = PBXSourcesBuildPhase;
			buildActionMask = 2147483647;
			files = (
				673C6B48259377EF00B37178 /* ContentView.swift in Sources */,
				673C6B46259377EF00B37178 /* UI_83App.swift in Sources */,
			);
			runOnlyForDeploymentPostprocessing = 0;
		};
		673C6B4F259377F100B37178 /* Sources */ = {
			isa = PBXSourcesBuildPhase;
			buildActionMask = 2147483647;
			files = (
				673C6B58259377F100B37178 /* UI_83Tests.swift in Sources */,
			);
			runOnlyForDeploymentPostprocessing = 0;
		};
		673C6B5A259377F100B37178 /* Sources */ = {
			isa = PBXSourcesBuildPhase;
			buildActionMask = 2147483647;
			files = (
				673C6B63259377F100B37178 /* UI_83UITests.swift in Sources */,
			);
			runOnlyForDeploymentPostprocessing = 0;
		};
/* End PBXSourcesBuildPhase section */

/* Begin PBXTargetDependency section */
		673C6B55259377F100B37178 /* PBXTargetDependency */ = {
			isa = PBXTargetDependency;
			target = 673C6B41259377EF00B37178 /* UI-83 */;
			targetProxy = 673C6B54259377F100B37178 /* PBXContainerItemProxy */;
		};
		673C6B60259377F100B37178 /* PBXTargetDependency */ = {
			isa = PBXTargetDependency;
			target = 673C6B41259377EF00B37178 /* UI-83 */;
			targetProxy = 673C6B5F259377F100B37178 /* PBXContainerItemProxy */;
		};
/* End PBXTargetDependency section */

/* Begin XCBuildConfiguration section */
		673C6B65259377F100B37178 /* Debug */ = {
			isa = XCBuildConfiguration;
			buildSettings = {
				ALWAYS_SEARCH_USER_PATHS = NO;
				CLANG_ANALYZER_NONNULL = YES;
				CLANG_ANALYZER_NUMBER_OBJECT_CONVERSION = YES_AGGRESSIVE;
				CLANG_CXX_LANGUAGE_STANDARD = "gnu++14";
				CLANG_CXX_LIBRARY = "libc++";
				CLANG_ENABLE_MODULES = YES;
				CLANG_ENABLE_OBJC_ARC = YES;
				CLANG_ENABLE_OBJC_WEAK = YES;
				CLANG_WARN_BLOCK_CAPTURE_AUTORELEASING = YES;
				CLANG_WARN_BOOL_CONVERSION = YES;
				CLANG_WARN_COMMA = YES;
				CLANG_WARN_CONSTANT_CONVERSION = YES;
				CLANG_WARN_DEPRECATED_OBJC_IMPLEMENTATIONS = YES;
				CLANG_WARN_DIRECT_OBJC_ISA_USAGE = YES_ERROR;
				CLANG_WARN_DOCUMENTATION_COMMENTS = YES;
				CLANG_WARN_EMPTY_BODY = YES;
				CLANG_WARN_ENUM_CONVERSION = YES;
				CLANG_WARN_INFINITE_RECURSION = YES;
				CLANG_WARN_INT_CONVERSION = YES;
				CLANG_WARN_NON_LITERAL_NULL_CONVERSION = YES;
				CLANG_WARN_OBJC_IMPLICIT_RETAIN_SELF = YES;
				CLANG_WARN_OBJC_LITERAL_CONVERSION = YES;
				CLANG_WARN_OBJC_ROOT_CLASS = YES_ERROR;
				CLANG_WARN_QUOTED_INCLUDE_IN_FRAMEWORK_HEADER = YES;
				CLANG_WARN_RANGE_LOOP_ANALYSIS = YES;
				CLANG_WARN_STRICT_PROTOTYPES = YES;
				CLANG_WARN_SUSPICIOUS_MOVE = YES;
				CLANG_WARN_UNGUARDED_AVAILABILITY = YES_AGGRESSIVE;
				CLANG_WARN_UNREACHABLE_CODE = YES;
				CLANG_WARN__DUPLICATE_METHOD_MATCH = YES;
				COPY_PHASE_STRIP = NO;
				DEBUG_INFORMATION_FORMAT = dwarf;
				ENABLE_STRICT_OBJC_MSGSEND = YES;
				ENABLE_TESTABILITY = YES;
				GCC_C_LANGUAGE_STANDARD = gnu11;
				GCC_DYNAMIC_NO_PIC = NO;
				GCC_NO_COMMON_BLOCKS = YES;
				GCC_OPTIMIZATION_LEVEL = 0;
				GCC_PREPROCESSOR_DEFINITIONS = (
					"DEBUG=1",
					"$(inherited)",
				);
				GCC_WARN_64_TO_32_BIT_CONVERSION = YES;
				GCC_WARN_ABOUT_RETURN_TYPE = YES_ERROR;
				GCC_WARN_UNDECLARED_SELECTOR = YES;
				GCC_WARN_UNINITIALIZED_AUTOS = YES_AGGRESSIVE;
				GCC_WARN_UNUSED_FUNCTION = YES;
				GCC_WARN_UNUSED_VARIABLE = YES;
				IPHONEOS_DEPLOYMENT_TARGET = 14.3;
				MTL_ENABLE_DEBUG_INFO = INCLUDE_SOURCE;
				MTL_FAST_MATH = YES;
				ONLY_ACTIVE_ARCH = YES;
				SDKROOT = iphoneos;
				SWIFT_ACTIVE_COMPILATION_CONDITIONS = DEBUG;
				SWIFT_OPTIMIZATION_LEVEL = "-Onone";
			};
			name = Debug;
		};
		673C6B66259377F100B37178 /* Release */ = {
			isa = XCBuildConfiguration;
			buildSettings = {
				ALWAYS_SEARCH_USER_PATHS = NO;
				CLANG_ANALYZER_NONNULL = YES;
				CLANG_ANALYZER_NUMBER_OBJECT_CONVERSION = YES_AGGRESSIVE;
				CLANG_CXX_LANGUAGE_STANDARD = "gnu++14";
				CLANG_CXX_LIBRARY = "libc++";
				CLANG_ENABLE_MODULES = YES;
				CLANG_ENABLE_OBJC_ARC = YES;
				CLANG_ENABLE_OBJC_WEAK = YES;
				CLANG_WARN_BLOCK_CAPTURE_AUTORELEASING = YES;
				CLANG_WARN_BOOL_CONVERSION = YES;
				CLANG_WARN_COMMA = YES;
				CLANG_WARN_CONSTANT_CONVERSION = YES;
				CLANG_WARN_DEPRECATED_OBJC_IMPLEMENTATIONS = YES;
				CLANG_WARN_DIRECT_OBJC_ISA_USAGE = YES_ERROR;
				CLANG_WARN_DOCUMENTATION_COMMENTS = YES;
				CLANG_WARN_EMPTY_BODY = YES;
				CLANG_WARN_ENUM_CONVERSION = YES;
				CLANG_WARN_INFINITE_RECURSION = YES;
				CLANG_WARN_INT_CONVERSION = YES;
				CLANG_WARN_NON_LITERAL_NULL_CONVERSION = YES;
				CLANG_WARN_OBJC_IMPLICIT_RETAIN_SELF = YES;
				CLANG_WARN_OBJC_LITERAL_CONVERSION = YES;
				CLANG_WARN_OBJC_ROOT_CLASS = YES_ERROR;
				CLANG_WARN_QUOTED_INCLUDE_IN_FRAMEWORK_HEADER = YES;
				CLANG_WARN_RANGE_LOOP_ANALYSIS = YES;
				CLANG_WARN_STRICT_PROTOTYPES = YES;
				CLANG_WARN_SUSPICIOUS_MOVE = YES;
				CLANG_WARN_UNGUARDED_AVAILABILITY = YES_AGGRESSIVE;
				CLANG_WARN_UNREACHABLE_CODE = YES;
				CLANG_WARN__DUPLICATE_METHOD_MATCH = YES;
				COPY_PHASE_STRIP = NO;
				DEBUG_INFORMATION_FORMAT = "dwarf-with-dsym";
				ENABLE_NS_ASSERTIONS = NO;
				ENABLE_STRICT_OBJC_MSGSEND = YES;
				GCC_C_LANGUAGE_STANDARD = gnu11;
				GCC_NO_COMMON_BLOCKS = YES;
				GCC_WARN_64_TO_32_BIT_CONVERSION = YES;
				GCC_WARN_ABOUT_RETURN_TYPE = YES_ERROR;
				GCC_WARN_UNDECLARED_SELECTOR = YES;
				GCC_WARN_UNINITIALIZED_AUTOS = YES_AGGRESSIVE;
				GCC_WARN_UNUSED_FUNCTION = YES;
				GCC_WARN_UNUSED_VARIABLE = YES;
				IPHONEOS_DEPLOYMENT_TARGET = 14.3;
				MTL_ENABLE_DEBUG_INFO = NO;
				MTL_FAST_MATH = YES;
				SDKROOT = iphoneos;
				SWIFT_COMPILATION_MODE = wholemodule;
				SWIFT_OPTIMIZATION_LEVEL = "-O";
				VALIDATE_PRODUCT = YES;
			};
			name = Release;
		};
		673C6B68259377F100B37178 /* Debug */ = {
			isa = XCBuildConfiguration;
			buildSettings = {
				ASSETCATALOG_COMPILER_APPICON_NAME = AppIcon;
				ASSETCATALOG_COMPILER_GLOBAL_ACCENT_COLOR_NAME = AccentColor;
				CODE_SIGN_STYLE = Automatic;
				DEVELOPMENT_ASSET_PATHS = "\"UI-83/Preview Content\"";
				ENABLE_PREVIEWS = YES;
				INFOPLIST_FILE = "UI-83/Info.plist";
				IPHONEOS_DEPLOYMENT_TARGET = 14.0;
				LD_RUNPATH_SEARCH_PATHS = (
					"$(inherited)",
					"@executable_path/Frameworks",
				);
				PRODUCT_BUNDLE_IDENTIFIER = "com.uzu.UI-83";
				PRODUCT_NAME = "$(TARGET_NAME)";
				SWIFT_VERSION = 5.0;
				TARGETED_DEVICE_FAMILY = "1,2";
			};
			name = Debug;
		};
		673C6B69259377F100B37178 /* Release */ = {
			isa = XCBuildConfiguration;
			buildSettings = {
				ASSETCATALOG_COMPILER_APPICON_NAME = AppIcon;
				ASSETCATALOG_COMPILER_GLOBAL_ACCENT_COLOR_NAME = AccentColor;
				CODE_SIGN_STYLE = Automatic;
				DEVELOPMENT_ASSET_PATHS = "\"UI-83/Preview Content\"";
				ENABLE_PREVIEWS = YES;
				INFOPLIST_FILE = "UI-83/Info.plist";
				IPHONEOS_DEPLOYMENT_TARGET = 14.0;
				LD_RUNPATH_SEARCH_PATHS = (
					"$(inherited)",
					"@executable_path/Frameworks",
				);
				PRODUCT_BUNDLE_IDENTIFIER = "com.uzu.UI-83";
				PRODUCT_NAME = "$(TARGET_NAME)";
				SWIFT_VERSION = 5.0;
				TARGETED_DEVICE_FAMILY = "1,2";
			};
			name = Release;
		};
		673C6B6B259377F100B37178 /* Debug */ = {
			isa = XCBuildConfiguration;
			buildSettings = {
				ALWAYS_EMBED_SWIFT_STANDARD_LIBRARIES = YES;
				BUNDLE_LOADER = "$(TEST_HOST)";
				CODE_SIGN_STYLE = Automatic;
				INFOPLIST_FILE = "UI-83Tests/Info.plist";
				IPHONEOS_DEPLOYMENT_TARGET = 14.0;
				LD_RUNPATH_SEARCH_PATHS = (
					"$(inherited)",
					"@executable_path/Frameworks",
					"@loader_path/Frameworks",
				);
				PRODUCT_BUNDLE_IDENTIFIER = "com.uzu.UI-83Tests";
				PRODUCT_NAME = "$(TARGET_NAME)";
				SWIFT_VERSION = 5.0;
				TARGETED_DEVICE_FAMILY = "1,2";
				TEST_HOST = "$(BUILT_PRODUCTS_DIR)/UI-83.app/UI-83";
			};
			name = Debug;
		};
		673C6B6C259377F100B37178 /* Release */ = {
			isa = XCBuildConfiguration;
			buildSettings = {
				ALWAYS_EMBED_SWIFT_STANDARD_LIBRARIES = YES;
				BUNDLE_LOADER = "$(TEST_HOST)";
				CODE_SIGN_STYLE = Automatic;
				INFOPLIST_FILE = "UI-83Tests/Info.plist";
				IPHONEOS_DEPLOYMENT_TARGET = 14.0;
				LD_RUNPATH_SEARCH_PATHS = (
					"$(inherited)",
					"@executable_path/Frameworks",
					"@loader_path/Frameworks",
				);
				PRODUCT_BUNDLE_IDENTIFIER = "com.uzu.UI-83Tests";
				PRODUCT_NAME = "$(TARGET_NAME)";
				SWIFT_VERSION = 5.0;
				TARGETED_DEVICE_FAMILY = "1,2";
				TEST_HOST = "$(BUILT_PRODUCTS_DIR)/UI-83.app/UI-83";
			};
			name = Release;
		};
		673C6B6E259377F100B37178 /* Debug */ = {
			isa = XCBuildConfiguration;
			buildSettings = {
				ALWAYS_EMBED_SWIFT_STANDARD_LIBRARIES = YES;
				CODE_SIGN_STYLE = Automatic;
				INFOPLIST_FILE = "UI-83UITests/Info.plist";
				LD_RUNPATH_SEARCH_PATHS = (
					"$(inherited)",
					"@executable_path/Frameworks",
					"@loader_path/Frameworks",
				);
				PRODUCT_BUNDLE_IDENTIFIER = "com.uzu.UI-83UITests";
				PRODUCT_NAME = "$(TARGET_NAME)";
				SWIFT_VERSION = 5.0;
				TARGETED_DEVICE_FAMILY = "1,2";
				TEST_TARGET_NAME = "UI-83";
			};
			name = Debug;
		};
		673C6B6F259377F100B37178 /* Release */ = {
			isa = XCBuildConfiguration;
			buildSettings = {
				ALWAYS_EMBED_SWIFT_STANDARD_LIBRARIES = YES;
				CODE_SIGN_STYLE = Automatic;
				INFOPLIST_FILE = "UI-83UITests/Info.plist";
				LD_RUNPATH_SEARCH_PATHS = (
					"$(inherited)",
					"@executable_path/Frameworks",
					"@loader_path/Frameworks",
				);
				PRODUCT_BUNDLE_IDENTIFIER = "com.uzu.UI-83UITests";
				PRODUCT_NAME = "$(TARGET_NAME)";
				SWIFT_VERSION = 5.0;
				TARGETED_DEVICE_FAMILY = "1,2";
				TEST_TARGET_NAME = "UI-83";
			};
			name = Release;
		};
/* End XCBuildConfiguration section */

/* Begin XCConfigurationList section */
		673C6B3D259377EF00B37178 /* Build configuration list for PBXProject "UI-83" */ = {
			isa = XCConfigurationList;
			buildConfigurations = (
				673C6B65259377F100B37178 /* Debug */,
				673C6B66259377F100B37178 /* Release */,
			);
			defaultConfigurationIsVisible = 0;
			defaultConfigurationName = Release;
		};
		673C6B67259377F100B37178 /* Build configuration list for PBXNativeTarget "UI-83" */ = {
			isa = XCConfigurationList;
			buildConfigurations = (
				673C6B68259377F100B37178 /* Debug */,
				673C6B69259377F100B37178 /* Release */,
			);
			defaultConfigurationIsVisible = 0;
			defaultConfigurationName = Release;
		};
		673C6B6A259377F100B37178 /* Build configuration list for PBXNativeTarget "UI-83Tests" */ = {
			isa = XCConfigurationList;
			buildConfigurations = (
				673C6B6B259377F100B37178 /* Debug */,
				673C6B6C259377F100B37178 /* Release */,
			);
			defaultConfigurationIsVisible = 0;
			defaultConfigurationName = Release;
		};
		673C6B6D259377F100B37178 /* Build configuration list for PBXNativeTarget "UI-83UITests" */ = {
			isa = XCConfigurationList;
			buildConfigurations = (
				673C6B6E259377F100B37178 /* Debug */,
				673C6B6F259377F100B37178 /* Release */,
			);
			defaultConfigurationIsVisible = 0;
			defaultConfigurationName = Release;
		};
/* End XCConfigurationList section */
	};
	rootObject = 673C6B3A259377EF00B37178 /* Project object */;
}
